
Microsoft Visual Studio Solution File, Format Version 12.00
# Visual Studio Version 17
VisualStudioVersion = 17.10.35013.160
MinimumVisualStudioVersion = 10.0.40219.1
Project("{FAE04EC0-301F-11D3-BF4B-00C04F79EFBC}") = "webordinacija", "webordinacija.csproj", "{CC9CEE88-D28D-4465-8297-CF8BAE849DFA}"
EndProject
Project("{FAE04EC0-301F-11D3-BF4B-00C04F79EFBC}") = "Common", "Common\Common.csproj", "{47508511-3B5E-4843-82D9-AB080B031C96}"
EndProject
Global
	GlobalSection(SolutionConfigurationPlatforms) = preSolution
		Debug|Any CPU = Debug|Any CPU
		Release|Any CPU = Release|Any CPU
	EndGlobalSection
	GlobalSection(ProjectConfigurationPlatforms) = postSolution
		{CC9CEE88-D28D-4465-8297-CF8BAE849DFA}.Debug|Any CPU.ActiveCfg = Debug|Any CPU
		{CC9CEE88-D28D-4465-8297-CF8BAE849DFA}.Debug|Any CPU.Build.0 = Debug|Any CPU
		{CC9CEE88-D28D-4465-8297-CF8BAE849DFA}.Release|Any CPU.ActiveCfg = Release|Any CPU
		{CC9CEE88-D28D-4465-8297-CF8BAE849DFA}.Release|Any CPU.Build.0 = Release|Any CPU
		{47508511-3B5E-4843-82D9-AB080B031C96}.Debug|Any CPU.ActiveCfg = Debug|Any CPU
		{47508511-3B5E-4843-82D9-AB080B031C96}.Debug|Any CPU.Build.0 = Debug|Any CPU
		{47508511-3B5E-4843-82D9-AB080B031C96}.Release|Any CPU.ActiveCfg = Release|Any CPU
		{47508511-3B5E-4843-82D9-AB080B031C96}.Release|Any CPU.Build.0 = Release|Any CPU
	EndGlobalSection
	GlobalSection(SolutionProperties) = preSolution
		HideSolutionNode = FALSE
	EndGlobalSection
	GlobalSection(ExtensibilityGlobals) = postSolution
		SolutionGuid = {F1785FA8-9037-4823-8CED-EC934CA89291}
	EndGlobalSection
EndGlobal
